Microsoft Visual Studio Solution File, Format Version 12.00
# Visual Studio Version 16
VisualStudioVersion = 16.0.33529.622
MinimumVisualStudioVersion = 10.0.40219.1
Project("{FAE04EC0-301F-11D3-BF4B-00C04F79EFBC}") = "CMDHere", "CMDHere\CMDHere.csproj", "{99EE4235-3E22-441A-8721-AD7AA43A1E87}"
EndProject
Global
	GlobalSection(SolutionConfigurationPlatforms) = preSolution
		Debug|Any CPU = Debug|Any CPU
		Release|Any CPU = Release|Any CPU
	EndGlobalSection
	GlobalSection(ProjectConfigurationPlatforms) = postSolution
		{99EE4235-3E22-441A-8721-AD7AA43A1E87}.Debug|Any CPU.ActiveCfg = Debug|Any CPU
		{99EE4235-3E22-441A-8721-AD7AA43A1E87}.Debug|Any CPU.Build.0 = Debug|Any CPU
		{99EE4235-3E22-441A-8721-AD7AA43A1E87}.Release|Any CPU.ActiveCfg = Release|Any CPU
		{99EE4235-3E22-441A-8721-AD7AA43A1E87}.Release|Any CPU.Build.0 = Release|Any CPU
	EndGlobalSection
	GlobalSection(SolutionProperties) = preSolution
		HideSolutionNode = FALSE
	EndGlobalSection
	GlobalSection(ExtensibilityGlobals) = postSolution
		SolutionGuid = {5AF4D470-E68D-4872-B46D-66BBD1F69A02}
	EndGlobalSection
EndGlobal
